PODS:
  - LCSKit (0.0.1):
    - LCSKit/Cache (= 0.0.1)
    - LCSKit/Category (= 0.0.1)
    - LCSKit/Constant (= 0.0.1)
    - LCSKit/LocalFolder (= 0.0.1)
    - LCSKit/Photos (= 0.0.1)
    - LCSKit/Proxy (= 0.0.1)
    - LCSKit/UI (= 0.0.1)
    - LCSKit/Utility (= 0.0.1)
  - LCSKit/Cache (0.0.1):
    - YYCache
  - LCSKit/Category (0.0.1)
  - LCSKit/Constant (0.0.1)
  - LCSKit/LocalFolder (0.0.1)
  - LCSKit/Photos (0.0.1):
    - LCSKit/Utility
  - LCSKit/Proxy (0.0.1)
  - LCSKit/UI (0.0.1):
    - SnapKit
  - LCSKit/Utility (0.0.1)
  - SnapKit (4.2.0)
  - YYCache (1.0.4)

DEPENDENCIES:
  - LCSKit (from `../../LCSKit`)
  - SnapKit (= 4.2.0)

SPEC REPOS:
  https://github.com/CocoaPods/Specs.git:
    - SnapKit
    - YYCache

EXTERNAL SOURCES:
  LCSKit:
    :path: "../../LCSKit"

SPEC CHECKSUMS:
  LCSKit: e216b52aed68fc81b9c239bd5a142b5f05056602
  SnapKit: fe8a619752f3f27075cc9a90244d75c6c3f27e2a
  YYCache: 8105b6638f5e849296c71f331ff83891a4942952

PODFILE CHECKSUM: 020284a436875358c6cda07d05fb91e36a617c3a

COCOAPODS: 1.9.3
