PODS:
  - LCDemo (0.0.2):
    - LCSKit
  - LCSKit (0.0.1):
    - LCSKit/Cache (= 0.0.1)
    - LCSKit/Constant (= 0.0.1)
    - LCSKit/Extension (= 0.0.1)
    - LCSKit/LocalFolder (= 0.0.1)
    - LCSKit/Photos (= 0.0.1)
    - LCSKit/TableView (= 0.0.1)
    - LCSKit/UI (= 0.0.1)
    - LCSKit/Utility (= 0.0.1)
  - LCSKit/Cache (0.0.1):
    - YYCache
  - LCSKit/Constant (0.0.1)
  - LCSKit/Extension (0.0.1)
  - LCSKit/LocalFolder (0.0.1):
    - SnapKit
  - LCSKit/Photos (0.0.1):
    - LCSKit/Utility
  - LCSKit/TableView (0.0.1):
    - LCSKit/Extension
    - LCSKit/UI
    - MJRefresh
    - SnapKit
  - LCSKit/UI (0.0.1):
    - LCSKit/Extension
    - SnapKit
  - LCSKit/Utility (0.0.1)
  - MJRefresh (3.5.0)
  - SnapKit (4.2.0)
  - YYCache (1.0.4)

DEPENDENCIES:
  - LCDemo (from `../`)
  - LCSKit (from `../`)
  - MJRefresh (= 3.5.0)
  - SnapKit (= 4.2.0)
  - YYCache (= 1.0.4)

SPEC REPOS:
  https://github.com/CocoaPods/Specs.git:
    - MJRefresh
    - SnapKit
    - YYCache

EXTERNAL SOURCES:
  LCDemo:
    :path: "../"
  LCSKit:
    :path: "../"

SPEC CHECKSUMS:
  LCDemo: 91052079c8ce198bc61fbb228a9ba65545056682
  LCSKit: 0b7dc69e2d032205b5747675c38fcf99aa687ae5
  MJRefresh: 6afc955813966afb08305477dd7a0d9ad5e79a16
  SnapKit: fe8a619752f3f27075cc9a90244d75c6c3f27e2a
  YYCache: 8105b6638f5e849296c71f331ff83891a4942952

PODFILE CHECKSUM: 1c1c8984a06b763e2c99ff9cfc1b0f251763db96

COCOAPODS: 1.11.3
